
Microsoft Visual Studio Solution File, Format Version 12.00
# Visual Studio 15
VisualStudioVersion = 15.0.26430.6
MinimumVisualStudioVersion = 10.0.40219.1
Project("{FAE04EC0-301F-11D3-BF4B-00C04F79EFBC}") = "wannacrypt0r", "wannacrypt0r\wannacrypt0r.csproj", "{C1C5EB0E-60D7-4C7D-B085-EBDE375AE454}"
EndProject
Global
	GlobalSection(SolutionConfigurationPlatforms) = preSolution
		Debug|Any CPU = Debug|Any CPU
		Release|Any CPU = Release|Any CPU
	EndGlobalSection
	GlobalSection(ProjectConfigurationPlatforms) = postSolution
		{C1C5EB0E-60D7-4C7D-B085-EBDE375AE454}.Debug|Any CPU.ActiveCfg = Debug|Any CPU
		{C1C5EB0E-60D7-4C7D-B085-EBDE375AE454}.Debug|Any CPU.Build.0 = Debug|Any CPU
		{C1C5EB0E-60D7-4C7D-B085-EBDE375AE454}.Release|Any CPU.ActiveCfg = Release|Any CPU
		{C1C5EB0E-60D7-4C7D-B085-EBDE375AE454}.Release|Any CPU.Build.0 = Release|Any CPU
	EndGlobalSection
	GlobalSection(SolutionProperties) = preSolution
		HideSolutionNode = FALSE
	EndGlobalSection
EndGlobal
